{
    "_readme": [
        "This file locks the dependencies of your project to a known state",
        "Read more about it at https://getcomposer.org/doc/01-basic-usage.md#installing-dependencies",
        "This file is @generated automatically"
    ],
    "content-hash": "eb4fb431c84a580a7a9a37fc13acf8fe",
    "packages": [
        {
            "name": "stripe/stripe-php",
            "version": "v13.18.0",
            "source": {
                "type": "git",
                "url": "https://github.com/stripe/stripe-php.git",
                "reference": "02abb043b103766f4ed920642ae56ffdc58c7467"
            },
            "dist": {
                "type": "zip",
                "url": "https://api.github.com/repos/stripe/stripe-php/zipball/02abb043b103766f4ed920642ae56ffdc58c7467",
                "reference": "02abb043b103766f4ed920642ae56ffdc58c7467",
                "shasum": ""
            },
            "require": {
                "ext-curl": "*",
                "ext-json": "*",
                "ext-mbstring": "*",
                "php": ">=5.6.0"
            },
            "require-dev": {
                "friendsofphp/php-cs-fixer": "3.5.0",
                "phpstan/phpstan": "^1.2",
                "phpunit/phpunit": "^5.7 || ^9.0"
            },
            "type": "library",
            "extra": {
                "branch-alias": {
                    "dev-master": "2.0-dev"
                }
            },
            "autoload": {
                "psr-4": {
                    "Stripe\\": "lib/"
                }
            },
            "notification-url": "https://packagist.org/downloads/",
            "license": [
                "MIT"
            ],
            "authors": [
                {
                    "name": "Stripe and contributors",
                    "homepage": "https://github.com/stripe/stripe-php/contributors"
                }
            ],
            "description": "Stripe PHP Library",
            "homepage": "https://stripe.com/",
            "keywords": [
                "api",
                "payment processing",
                "stripe"
            ],
            "support": {
                "issues": "https://github.com/stripe/stripe-php/issues",
                "source": "https://github.com/stripe/stripe-php/tree/v13.18.0"
            },
            "time": "2024-04-09T21:08:04+00:00"
        },
        {
            "name": "tecnickcom/tcpdf",
            "version": "6.10.1",
            "source": {
                "type": "git",
                "url": "https://github.com/tecnickcom/TCPDF.git",
                "reference": "7a2701251e5d52fc3d508fd71704683eb54f5939"
            },
            "dist": {
                "type": "zip",
                "url": "https://api.github.com/repos/tecnickcom/TCPDF/zipball/7a2701251e5d52fc3d508fd71704683eb54f5939",
                "reference": "7a2701251e5d52fc3d508fd71704683eb54f5939",
                "shasum": ""
            },
            "require": {
                "ext-curl": "*",
                "php": ">=7.1.0"
            },
            "type": "library",
            "autoload": {
                "classmap": [
                    "config",
                    "include",
                    "tcpdf.php",
                    "tcpdf_barcodes_1d.php",
                    "tcpdf_barcodes_2d.php",
                    "include/tcpdf_colors.php",
                    "include/tcpdf_filters.php",
                    "include/tcpdf_font_data.php",
                    "include/tcpdf_fonts.php",
                    "include/tcpdf_images.php",
                    "include/tcpdf_static.php",
                    "include/barcodes/datamatrix.php",
                    "include/barcodes/pdf417.php",
                    "include/barcodes/qrcode.php"
                ]
            },
            "notification-url": "https://packagist.org/downloads/",
            "license": [
                "LGPL-3.0-or-later"
            ],
            "authors": [
                {
                    "name": "Nicola Asuni",
                    "email": "info@tecnick.com",
                    "role": "lead"
                }
            ],
            "description": "TCPDF is a PHP class for generating PDF documents and barcodes.",
            "homepage": "http://www.tcpdf.org/",
            "keywords": [
                "PDFD32000-2008",
                "TCPDF",
                "barcodes",
                "datamatrix",
                "pdf",
                "pdf417",
                "qrcode"
            ],
            "support": {
                "issues": "https://github.com/tecnickcom/TCPDF/issues",
                "source": "https://github.com/tecnickcom/TCPDF/tree/6.10.1"
            },
            "funding": [
                {
                    "url": "https://www.paypal.com/donate/?hosted_button_id=NZUEC5XS8MFBJ",
                    "type": "custom"
                }
            ],
            "time": "2025-11-21T10:58:21+00:00"
        }
    ],
    "packages-dev": [],
    "aliases": [],
    "minimum-stability": "stable",
    "stability-flags": {},
    "prefer-stable": false,
    "prefer-lowest": false,
    "platform": {
        "php": ">=8.0"
    },
    "platform-dev": {},
    "plugin-api-version": "2.6.0"
}
